
Microsoft Visual Studio Solution File, Format Version 12.00
# Visual Studio 15
VisualStudioVersion = 15.0.26730.10
MinimumVisualStudioVersion = 10.0.40219.1
Project("{FAE04EC0-301F-11D3-BF4B-00C04F79EFBC}") = "DebitCardNumber", "DebitCardNumber\DebitCardNumber.csproj", "{30245EF1-7544-4F30-BFC0-31A70860850D}"
EndProject
Project("{FAE04EC0-301F-11D3-BF4B-00C04F79EFBC}") = "RectangleArea", "RectangleArea\RectangleArea.csproj", "{E5F22D7D-C3FD-47DB-B799-F28652ED8656}"
EndProject
Project("{FAE04EC0-301F-11D3-BF4B-00C04F79EFBC}") = "MilesToKilometers", "MilesToKilometers\MilesToKilometers.csproj", "{8008A369-9D8C-4224-8F76-80D3A106CB84}"
EndProject
Project("{FAE04EC0-301F-11D3-BF4B-00C04F79EFBC}") = "BeverageLabels", "BeverageLabels\BeverageLabels.csproj", "{F1130FDA-4DC2-4B5B-B5BB-785FAE11066B}"
EndProject
Project("{FAE04EC0-301F-11D3-BF4B-00C04F79EFBC}") = "CharacterStats", "CharacterStats\CharacterStats.csproj", "{9AF35ACF-D383-4489-AB27-7078039ED193}"
EndProject
Global
	GlobalSection(SolutionConfigurationPlatforms) = preSolution
		Debug|Any CPU = Debug|Any CPU
		Release|Any CPU = Release|Any CPU
	EndGlobalSection
	GlobalSection(ProjectConfigurationPlatforms) = postSolution
		{30245EF1-7544-4F30-BFC0-31A70860850D}.Debug|Any CPU.ActiveCfg = Debug|Any CPU
		{30245EF1-7544-4F30-BFC0-31A70860850D}.Debug|Any CPU.Build.0 = Debug|Any CPU
		{30245EF1-7544-4F30-BFC0-31A70860850D}.Release|Any CPU.ActiveCfg = Release|Any CPU
		{30245EF1-7544-4F30-BFC0-31A70860850D}.Release|Any CPU.Build.0 = Release|Any CPU
		{E5F22D7D-C3FD-47DB-B799-F28652ED8656}.Debug|Any CPU.ActiveCfg = Debug|Any CPU
		{E5F22D7D-C3FD-47DB-B799-F28652ED8656}.Debug|Any CPU.Build.0 = Debug|Any CPU
		{E5F22D7D-C3FD-47DB-B799-F28652ED8656}.Release|Any CPU.ActiveCfg = Release|Any CPU
		{E5F22D7D-C3FD-47DB-B799-F28652ED8656}.Release|Any CPU.Build.0 = Release|Any CPU
		{8008A369-9D8C-4224-8F76-80D3A106CB84}.Debug|Any CPU.ActiveCfg = Debug|Any CPU
		{8008A369-9D8C-4224-8F76-80D3A106CB84}.Debug|Any CPU.Build.0 = Debug|Any CPU
		{8008A369-9D8C-4224-8F76-80D3A106CB84}.Release|Any CPU.ActiveCfg = Release|Any CPU
		{8008A369-9D8C-4224-8F76-80D3A106CB84}.Release|Any CPU.Build.0 = Release|Any CPU
		{F1130FDA-4DC2-4B5B-B5BB-785FAE11066B}.Debug|Any CPU.ActiveCfg = Debug|Any CPU
		{F1130FDA-4DC2-4B5B-B5BB-785FAE11066B}.Debug|Any CPU.Build.0 = Debug|Any CPU
		{F1130FDA-4DC2-4B5B-B5BB-785FAE11066B}.Release|Any CPU.ActiveCfg = Release|Any CPU
		{F1130FDA-4DC2-4B5B-B5BB-785FAE11066B}.Release|Any CPU.Build.0 = Release|Any CPU
		{9AF35ACF-D383-4489-AB27-7078039ED193}.Debug|Any CPU.ActiveCfg = Debug|Any CPU
		{9AF35ACF-D383-4489-AB27-7078039ED193}.Debug|Any CPU.Build.0 = Debug|Any CPU
		{9AF35ACF-D383-4489-AB27-7078039ED193}.Release|Any CPU.ActiveCfg = Release|Any CPU
		{9AF35ACF-D383-4489-AB27-7078039ED193}.Release|Any CPU.Build.0 = Release|Any CPU
	EndGlobalSection
	GlobalSection(SolutionProperties) = preSolution
		HideSolutionNode = FALSE
	EndGlobalSection
	GlobalSection(ExtensibilityGlobals) = postSolution
		SolutionGuid = {A35246F9-632C-4BD6-A4E3-16DFB90A5810}
	EndGlobalSection
EndGlobal
