
Microsoft Visual Studio Solution File, Format Version 12.00
# Visual Studio 15
VisualStudioVersion = 15.0.27004.2005
MinimumVisualStudioVersion = 10.0.40219.1
Project("{FAE04EC0-301F-11D3-BF4B-00C04F79EFBC}") = "ReverseString", "ReverseString\ReverseString.csproj", "{5AB5F056-3E2A-45A4-AA82-425768FE165B}"
EndProject
Project("{FAE04EC0-301F-11D3-BF4B-00C04F79EFBC}") = "CountSubstringOccurrences", "CountSubstringOccurrences\CountSubstringOccurrences.csproj", "{C7164A13-2DC8-4531-B75D-AA566010EF41}"
EndProject
Project("{FAE04EC0-301F-11D3-BF4B-00C04F79EFBC}") = "TextFilter", "TextFilter\TextFilter.csproj", "{78A28AA2-07BB-4587-904A-4961BCECCD81}"
EndProject
Project("{FAE04EC0-301F-11D3-BF4B-00C04F79EFBC}") = "Palindromes", "Palindromes\Palindromes.csproj", "{C7B77CCE-CF4C-4C45-BFEB-B58FFC1ACAC7}"
EndProject
Global
	GlobalSection(SolutionConfigurationPlatforms) = preSolution
		Debug|Any CPU = Debug|Any CPU
		Release|Any CPU = Release|Any CPU
	EndGlobalSection
	GlobalSection(ProjectConfigurationPlatforms) = postSolution
		{5AB5F056-3E2A-45A4-AA82-425768FE165B}.Debug|Any CPU.ActiveCfg = Debug|Any CPU
		{5AB5F056-3E2A-45A4-AA82-425768FE165B}.Debug|Any CPU.Build.0 = Debug|Any CPU
		{5AB5F056-3E2A-45A4-AA82-425768FE165B}.Release|Any CPU.ActiveCfg = Release|Any CPU
		{5AB5F056-3E2A-45A4-AA82-425768FE165B}.Release|Any CPU.Build.0 = Release|Any CPU
		{C7164A13-2DC8-4531-B75D-AA566010EF41}.Debug|Any CPU.ActiveCfg = Debug|Any CPU
		{C7164A13-2DC8-4531-B75D-AA566010EF41}.Debug|Any CPU.Build.0 = Debug|Any CPU
		{C7164A13-2DC8-4531-B75D-AA566010EF41}.Release|Any CPU.ActiveCfg = Release|Any CPU
		{C7164A13-2DC8-4531-B75D-AA566010EF41}.Release|Any CPU.Build.0 = Release|Any CPU
		{78A28AA2-07BB-4587-904A-4961BCECCD81}.Debug|Any CPU.ActiveCfg = Debug|Any CPU
		{78A28AA2-07BB-4587-904A-4961BCECCD81}.Debug|Any CPU.Build.0 = Debug|Any CPU
		{78A28AA2-07BB-4587-904A-4961BCECCD81}.Release|Any CPU.ActiveCfg = Release|Any CPU
		{78A28AA2-07BB-4587-904A-4961BCECCD81}.Release|Any CPU.Build.0 = Release|Any CPU
		{C7B77CCE-CF4C-4C45-BFEB-B58FFC1ACAC7}.Debug|Any CPU.ActiveCfg = Debug|Any CPU
		{C7B77CCE-CF4C-4C45-BFEB-B58FFC1ACAC7}.Debug|Any CPU.Build.0 = Debug|Any CPU
		{C7B77CCE-CF4C-4C45-BFEB-B58FFC1ACAC7}.Release|Any CPU.ActiveCfg = Release|Any CPU
		{C7B77CCE-CF4C-4C45-BFEB-B58FFC1ACAC7}.Release|Any CPU.Build.0 = Release|Any CPU
	EndGlobalSection
	GlobalSection(SolutionProperties) = preSolution
		HideSolutionNode = FALSE
	EndGlobalSection
	GlobalSection(ExtensibilityGlobals) = postSolution
		SolutionGuid = {C7D9272A-EDC5-4758-B90B-00FDB07E09C1}
	EndGlobalSection
EndGlobal
