
Microsoft Visual Studio Solution File, Format Version 12.00
# Visual Studio 15
VisualStudioVersion = 15.0.26730.10
MinimumVisualStudioVersion = 10.0.40219.1
Project("{FAE04EC0-301F-11D3-BF4B-00C04F79EFBC}") = "MaxSequenceOfEqualElements", "MaxSequenceOfEqualElements\MaxSequenceOfEqualElements.csproj", "{B2AD0AA4-11AE-4F2F-AD1F-EFA336578F0A}"
EndProject
Project("{FAE04EC0-301F-11D3-BF4B-00C04F79EFBC}") = "ChangeList", "ChangeList\ChangeList.csproj", "{DC4C7E99-EE3A-4528-B577-1E046DC9AA54}"
EndProject
Project("{FAE04EC0-301F-11D3-BF4B-00C04F79EFBC}") = "SearchForANumber", "SearchForANumber\SearchForANumber.csproj", "{996BF497-EB9A-4F2D-B6C0-83A89D4FC33E}"
EndProject
Project("{FAE04EC0-301F-11D3-BF4B-00C04F79EFBC}") = "ArrayManipulator", "ArrayManipulator\ArrayManipulator.csproj", "{56243064-A5F9-4403-BE47-A20506D11179}"
EndProject
Project("{FAE04EC0-301F-11D3-BF4B-00C04F79EFBC}") = "SumReversedNumbers", "SumReversedNumbers\SumReversedNumbers.csproj", "{FDE7356C-B197-491F-9873-F373E6AFAFFD}"
EndProject
Project("{FAE04EC0-301F-11D3-BF4B-00C04F79EFBC}") = "BombNumbers", "BombNumbers\BombNumbers.csproj", "{2934B1E0-FBC8-467B-A27F-3E8CFDCB9F46}"
EndProject
Global
	GlobalSection(SolutionConfigurationPlatforms) = preSolution
		Debug|Any CPU = Debug|Any CPU
		Release|Any CPU = Release|Any CPU
	EndGlobalSection
	GlobalSection(ProjectConfigurationPlatforms) = postSolution
		{B2AD0AA4-11AE-4F2F-AD1F-EFA336578F0A}.Debug|Any CPU.ActiveCfg = Debug|Any CPU
		{B2AD0AA4-11AE-4F2F-AD1F-EFA336578F0A}.Debug|Any CPU.Build.0 = Debug|Any CPU
		{B2AD0AA4-11AE-4F2F-AD1F-EFA336578F0A}.Release|Any CPU.ActiveCfg = Release|Any CPU
		{B2AD0AA4-11AE-4F2F-AD1F-EFA336578F0A}.Release|Any CPU.Build.0 = Release|Any CPU
		{DC4C7E99-EE3A-4528-B577-1E046DC9AA54}.Debug|Any CPU.ActiveCfg = Debug|Any CPU
		{DC4C7E99-EE3A-4528-B577-1E046DC9AA54}.Debug|Any CPU.Build.0 = Debug|Any CPU
		{DC4C7E99-EE3A-4528-B577-1E046DC9AA54}.Release|Any CPU.ActiveCfg = Release|Any CPU
		{DC4C7E99-EE3A-4528-B577-1E046DC9AA54}.Release|Any CPU.Build.0 = Release|Any CPU
		{996BF497-EB9A-4F2D-B6C0-83A89D4FC33E}.Debug|Any CPU.ActiveCfg = Debug|Any CPU
		{996BF497-EB9A-4F2D-B6C0-83A89D4FC33E}.Debug|Any CPU.Build.0 = Debug|Any CPU
		{996BF497-EB9A-4F2D-B6C0-83A89D4FC33E}.Release|Any CPU.ActiveCfg = Release|Any CPU
		{996BF497-EB9A-4F2D-B6C0-83A89D4FC33E}.Release|Any CPU.Build.0 = Release|Any CPU
		{56243064-A5F9-4403-BE47-A20506D11179}.Debug|Any CPU.ActiveCfg = Debug|Any CPU
		{56243064-A5F9-4403-BE47-A20506D11179}.Debug|Any CPU.Build.0 = Debug|Any CPU
		{56243064-A5F9-4403-BE47-A20506D11179}.Release|Any CPU.ActiveCfg = Release|Any CPU
		{56243064-A5F9-4403-BE47-A20506D11179}.Release|Any CPU.Build.0 = Release|Any CPU
		{FDE7356C-B197-491F-9873-F373E6AFAFFD}.Debug|Any CPU.ActiveCfg = Debug|Any CPU
		{FDE7356C-B197-491F-9873-F373E6AFAFFD}.Debug|Any CPU.Build.0 = Debug|Any CPU
		{FDE7356C-B197-491F-9873-F373E6AFAFFD}.Release|Any CPU.ActiveCfg = Release|Any CPU
		{FDE7356C-B197-491F-9873-F373E6AFAFFD}.Release|Any CPU.Build.0 = Release|Any CPU
		{2934B1E0-FBC8-467B-A27F-3E8CFDCB9F46}.Debug|Any CPU.ActiveCfg = Debug|Any CPU
		{2934B1E0-FBC8-467B-A27F-3E8CFDCB9F46}.Debug|Any CPU.Build.0 = Debug|Any CPU
		{2934B1E0-FBC8-467B-A27F-3E8CFDCB9F46}.Release|Any CPU.ActiveCfg = Release|Any CPU
		{2934B1E0-FBC8-467B-A27F-3E8CFDCB9F46}.Release|Any CPU.Build.0 = Release|Any CPU
	EndGlobalSection
	GlobalSection(SolutionProperties) = preSolution
		HideSolutionNode = FALSE
	EndGlobalSection
	GlobalSection(ExtensibilityGlobals) = postSolution
		SolutionGuid = {BF613672-6E47-4461-A09E-BBA268FF20C0}
	EndGlobalSection
EndGlobal
